
Microsoft Visual Studio Solution File, Format Version 12.00
# Visual Studio Version 16
VisualStudioVersion = 16.0.29409.12
MinimumVisualStudioVersion = 10.0.40219.1
Project("{FAE04EC0-301F-11D3-BF4B-00C04F79EFBC}") = "Csharpforeach", "Csharpforeach\Csharpforeach.csproj", "{A3FBA0F3-F886-4168-BBF1-4C931EE224DE}"
EndProject
Global
	GlobalSection(SolutionConfigurationPlatforms) = preSolution
		Debug|Any CPU = Debug|Any CPU
		Release|Any CPU = Release|Any CPU
	EndGlobalSection
	GlobalSection(ProjectConfigurationPlatforms) = postSolution
		{A3FBA0F3-F886-4168-BBF1-4C931EE224DE}.Debug|Any CPU.ActiveCfg = Debug|Any CPU
		{A3FBA0F3-F886-4168-BBF1-4C931EE224DE}.Debug|Any CPU.Build.0 = Debug|Any CPU
		{A3FBA0F3-F886-4168-BBF1-4C931EE224DE}.Release|Any CPU.ActiveCfg = Release|Any CPU
		{A3FBA0F3-F886-4168-BBF1-4C931EE224DE}.Release|Any CPU.Build.0 = Release|Any CPU
	EndGlobalSection
	GlobalSection(SolutionProperties) = preSolution
		HideSolutionNode = FALSE
	EndGlobalSection
	GlobalSection(ExtensibilityGlobals) = postSolution
		SolutionGuid = {44E18FDD-6056-484E-8DA6-62EE4579490E}
	EndGlobalSection
EndGlobal
